// !$*UTF8*$!
{
	archiveVersion = 1;
	classes = {
	};
	objectVersion = 50;
	objects = {

/* Begin PBXBuildFile section */
		DC06785120D8906C00325605 /* AppDelegate.m in Sources */ = {isa = PBXBuildFile; fileRef = DC06785020D8906C00325605 /* AppDelegate.m */; };
		DC06785420D8906C00325605 /* ViewController.m in Sources */ = {isa = PBXBuildFile; fileRef = DC06785320D8906C00325605 /* ViewController.m */; };
		DC06785720D8906C00325605 /* Main.storyboard in Resources */ = {isa = PBXBuildFile; fileRef = DC06785520D8906C00325605 /* Main.storyboard */; };
		DC06785920D8906D00325605 /* Assets.xcassets in Resources */ = {isa = PBXBuildFile; fileRef = DC06785820D8906D00325605 /* Assets.xcassets */; };
		DC06785C20D8906D00325605 /* LaunchScreen.storyboard in Resources */ = {isa = PBXBuildFile; fileRef = DC06785A20D8906D00325605 /* LaunchScreen.storyboard */; };
		DC06785F20D8906D00325605 /* main.m in Sources */ = {isa = PBXBuildFile; fileRef = DC06785E20D8906D00325605 /* main.m */; };
		DC06786920D8906D00325605 /* MovieTimeTests.m in Sources */ = {isa = PBXBuildFile; fileRef = DC06786820D8906D00325605 /* MovieTimeTests.m */; };
		DC06787420D897BD00325605 /* MovieInfoCell.xib in Resources */ = {isa = PBXBuildFile; fileRef = DC06787320D897BD00325605 /* MovieInfoCell.xib */; };
		DC06787720D89B8E00325605 /* MovieInfoCell.m in Sources */ = {isa = PBXBuildFile; fileRef = DC06787620D89B8E00325605 /* MovieInfoCell.m */; };
		DC06788220D89E0600325605 /* Net.m in Sources */ = {isa = PBXBuildFile; fileRef = DC06788120D89E0600325605 /* Net.m */; };
		DC06788920D8DB5A00325605 /* MovieInfo.m in Sources */ = {isa = PBXBuildFile; fileRef = DC06788820D8DB5A00325605 /* MovieInfo.m */; };
		DC06788D20D8E5A700325605 /* NetResult.m in Sources */ = {isa = PBXBuildFile; fileRef = DC06788C20D8E5A700325605 /* NetResult.m */; };
		DC27AE4B20E1D288006603AC /* MovieDetail.storyboard in Resources */ = {isa = PBXBuildFile; fileRef = DC27AE4A20E1D288006603AC /* MovieDetail.storyboard */; };
		DC27AE4E20E1D29D006603AC /* MovieDetail.m in Sources */ = {isa = PBXBuildFile; fileRef = DC27AE4D20E1D29D006603AC /* MovieDetail.m */; };
		DC27AE5220E1DDAD006603AC /* TimeResult.m in Sources */ = {isa = PBXBuildFile; fileRef = DC27AE5120E1DDAD006603AC /* TimeResult.m */; };
		DC4EF81B20D9E26200617287 /* TimeRequest.m in Sources */ = {isa = PBXBuildFile; fileRef = DC4EF81A20D9E26200617287 /* TimeRequest.m */; };
		DC4EF81E20D9EB1B00617287 /* MovieInfoList.m in Sources */ = {isa = PBXBuildFile; fileRef = DC4EF81D20D9EB1B00617287 /* MovieInfoList.m */; };
		FB418A1C985B3D016EF36928 /* libPods-MovieTime.a in Frameworks */ = {isa = PBXBuildFile; fileRef = 9DAF605230FE9C9C71E2A216 /* libPods-MovieTime.a */; };
/* End PBXBuildFile section */

/* Begin PBXContainerItemProxy section */
		DC06786520D8906D00325605 /* PBXContainerItemProxy */ = {
			isa = PBXContainerItemProxy;
			containerPortal = DC06784420D8906C00325605 /* Project object */;
			proxyType = 1;
			remoteGlobalIDString = DC06784B20D8906C00325605;
			remoteInfo = MovieTime;
		};
/* End PBXContainerItemProxy section */

/* Begin PBXFileReference section */
		9564A5536F25EDC1C50484EB /* Pods-MovieTime.debug.xcconfig */ = {isa = PBXFileReference; includeInIndex = 1; lastKnownFileType = text.xcconfig; name = "Pods-MovieTime.debug.xcconfig"; path = "Pods/Target Support Files/Pods-MovieTime/Pods-MovieTime.debug.xcconfig"; sourceTree = "<group>"; };
		9DAF605230FE9C9C71E2A216 /* libPods-MovieTime.a */ = {isa = PBXFileReference; explicitFileType = archive.ar; includeInIndex = 0; path = "libPods-MovieTime.a"; sourceTree = BUILT_PRODUCTS_DIR; };
		9FCDE794CA47B128F5CB4296 /* Pods-MovieTime.release.xcconfig */ = {isa = PBXFileReference; includeInIndex = 1; lastKnownFileType = text.xcconfig; name = "Pods-MovieTime.release.xcconfig"; path = "Pods/Target Support Files/Pods-MovieTime/Pods-MovieTime.release.xcconfig"; sourceTree = "<group>"; };
		DC06784C20D8906C00325605 /* MovieTime.app */ = {isa = PBXFileReference; explicitFileType = wrapper.application; includeInIndex = 0; path = MovieTime.app; sourceTree = BUILT_PRODUCTS_DIR; };
		DC06784F20D8906C00325605 /* AppDelegate.h */ = {isa = PBXFileReference; lastKnownFileType = sourcecode.c.h; path = AppDelegate.h; sourceTree = "<group>"; };
		DC06785020D8906C00325605 /* AppDelegate.m */ = {isa = PBXFileReference; lastKnownFileType = sourcecode.c.objc; path = AppDelegate.m; sourceTree = "<group>"; };
		DC06785220D8906C00325605 /* ViewController.h */ = {isa = PBXFileReference; lastKnownFileType = sourcecode.c.h; path = ViewController.h; sourceTree = "<group>"; };
		DC06785320D8906C00325605 /* ViewController.m */ = {isa = PBXFileReference; lastKnownFileType = sourcecode.c.objc; path = ViewController.m; sourceTree = "<group>"; };
		DC06785620D8906C00325605 /* Base */ = {isa = PBXFileReference; lastKnownFileType = file.storyboard; name = Base; path = Base.lproj/Main.storyboard; sourceTree = "<group>"; };
		DC06785820D8906D00325605 /* Assets.xcassets */ = {isa = PBXFileReference; lastKnownFileType = folder.assetcatalog; path = Assets.xcassets; sourceTree = "<group>"; };
		DC06785B20D8906D00325605 /* Base */ = {isa = PBXFileReference; lastKnownFileType = file.storyboard; name = Base; path = Base.lproj/LaunchScreen.storyboard; sourceTree = "<group>"; };
		DC06785D20D8906D00325605 /* Info.plist */ = {isa = PBXFileReference; lastKnownFileType = text.plist.xml; path = Info.plist; sourceTree = "<group>"; };
		DC06785E20D8906D00325605 /* main.m */ = {isa = PBXFileReference; lastKnownFileType = sourcecode.c.objc; path = main.m; sourceTree = "<group>"; };
		DC06786420D8906D00325605 /* MovieTimeTests.xctest */ = {isa = PBXFileReference; explicitFileType = wrapper.cfbundle; includeInIndex = 0; path = MovieTimeTests.xctest; sourceTree = BUILT_PRODUCTS_DIR; };
		DC06786820D8906D00325605 /* MovieTimeTests.m */ = {isa = PBXFileReference; lastKnownFileType = sourcecode.c.objc; path = MovieTimeTests.m; sourceTree = "<group>"; };
		DC06786A20D8906D00325605 /* Info.plist */ = {isa = PBXFileReference; lastKnownFileType = text.plist.xml; path = Info.plist; sourceTree = "<group>"; };
		DC06787320D897BD00325605 /* MovieInfoCell.xib */ = {isa = PBXFileReference; lastKnownFileType = file.xib; path = MovieInfoCell.xib; sourceTree = "<group>"; };
		DC06787520D89B8E00325605 /* MovieInfoCell.h */ = {isa = PBXFileReference; lastKnownFileType = sourcecode.c.h; path = MovieInfoCell.h; sourceTree = "<group>"; };
		DC06787620D89B8E00325605 /* MovieInfoCell.m */ = {isa = PBXFileReference; lastKnownFileType = sourcecode.c.objc; path = MovieInfoCell.m; sourceTree = "<group>"; };
		DC06788020D89E0600325605 /* Net.h */ = {isa = PBXFileReference; lastKnownFileType = sourcecode.c.h; path = Net.h; sourceTree = "<group>"; };
		DC06788120D89E0600325605 /* Net.m */ = {isa = PBXFileReference; lastKnownFileType = sourcecode.c.objc; path = Net.m; sourceTree = "<group>"; };
		DC06788720D8DB5A00325605 /* MovieInfo.h */ = {isa = PBXFileReference; lastKnownFileType = sourcecode.c.h; path = MovieInfo.h; sourceTree = "<group>"; };
		DC06788820D8DB5A00325605 /* MovieInfo.m */ = {isa = PBXFileReference; lastKnownFileType = sourcecode.c.objc; path = MovieInfo.m; sourceTree = "<group>"; };
		DC06788B20D8E5A700325605 /* NetResult.h */ = {isa = PBXFileReference; lastKnownFileType = sourcecode.c.h; path = NetResult.h; sourceTree = "<group>"; };
		DC06788C20D8E5A700325605 /* NetResult.m */ = {isa = PBXFileReference; lastKnownFileType = sourcecode.c.objc; path = NetResult.m; sourceTree = "<group>"; };
		DC27AE4A20E1D288006603AC /* MovieDetail.storyboard */ = {isa = PBXFileReference; lastKnownFileType = file.storyboard; path = MovieDetail.storyboard; sourceTree = "<group>"; };
		DC27AE4C20E1D29D006603AC /* MovieDetail.h */ = {isa = PBXFileReference; lastKnownFileType = sourcecode.c.h; path = MovieDetail.h; sourceTree = "<group>"; };
		DC27AE4D20E1D29D006603AC /* MovieDetail.m */ = {isa = PBXFileReference; lastKnownFileType = sourcecode.c.objc; path = MovieDetail.m; sourceTree = "<group>"; };
		DC27AE5020E1DDAD006603AC /* TimeResult.h */ = {isa = PBXFileReference; lastKnownFileType = sourcecode.c.h; path = TimeResult.h; sourceTree = "<group>"; };
		DC27AE5120E1DDAD006603AC /* TimeResult.m */ = {isa = PBXFileReference; lastKnownFileType = sourcecode.c.objc; path = TimeResult.m; sourceTree = "<group>"; };
		DC4EF81920D9E26200617287 /* TimeRequest.h */ = {isa = PBXFileReference; lastKnownFileType = sourcecode.c.h; path = TimeRequest.h; sourceTree = "<group>"; };
		DC4EF81A20D9E26200617287 /* TimeRequest.m */ = {isa = PBXFileReference; lastKnownFileType = sourcecode.c.objc; path = TimeRequest.m; sourceTree = "<group>"; };
		DC4EF81C20D9EB1B00617287 /* MovieInfoList.h */ = {isa = PBXFileReference; lastKnownFileType = sourcecode.c.h; path = MovieInfoList.h; sourceTree = "<group>"; };
		DC4EF81D20D9EB1B00617287 /* MovieInfoList.m */ = {isa = PBXFileReference; lastKnownFileType = sourcecode.c.objc; path = MovieInfoList.m; sourceTree = "<group>"; };
/* End PBXFileReference section */

/* Begin PBXFrameworksBuildPhase section */
		DC06784920D8906C00325605 /* Frameworks */ = {
			isa = PBXFrameworksBuildPhase;
			buildActionMask = 2147483647;
			files = (
				FB418A1C985B3D016EF36928 /* libPods-MovieTime.a in Frameworks */,
			);
			runOnlyForDeploymentPostprocessing = 0;
		};
		DC06786120D8906D00325605 /* Frameworks */ = {
			isa = PBXFrameworksBuildPhase;
			buildActionMask = 2147483647;
			files = (
			);
			runOnlyForDeploymentPostprocessing = 0;
		};
/* End PBXFrameworksBuildPhase section */

/* Begin PBXGroup section */
		44D113C33EA449BD23A4B9FD /* Pods */ = {
			isa = PBXGroup;
			children = (
				9564A5536F25EDC1C50484EB /* Pods-MovieTime.debug.xcconfig */,
				9FCDE794CA47B128F5CB4296 /* Pods-MovieTime.release.xcconfig */,
			);
			name = Pods;
			sourceTree = "<group>";
		};
		63451D255215627296052C9E /* Frameworks */ = {
			isa = PBXGroup;
			children = (
				9DAF605230FE9C9C71E2A216 /* libPods-MovieTime.a */,
			);
			name = Frameworks;
			sourceTree = "<group>";
		};
		DC06784320D8906C00325605 = {
			isa = PBXGroup;
			children = (
				DC06784E20D8906C00325605 /* MovieTime */,
				DC06786720D8906D00325605 /* MovieTimeTests */,
				DC06784D20D8906C00325605 /* Products */,
				44D113C33EA449BD23A4B9FD /* Pods */,
				63451D255215627296052C9E /* Frameworks */,
			);
			sourceTree = "<group>";
		};
		DC06784D20D8906C00325605 /* Products */ = {
			isa = PBXGroup;
			children = (
				DC06784C20D8906C00325605 /* MovieTime.app */,
				DC06786420D8906D00325605 /* MovieTimeTests.xctest */,
			);
			name = Products;
			sourceTree = "<group>";
		};
		DC06784E20D8906C00325605 /* MovieTime */ = {
			isa = PBXGroup;
			children = (
				DC06788520D8DAF500325605 /* net */,
				DC06788420D8DAEB00325605 /* bean */,
				DC06787E20D89DC800325605 /* uitls */,
				DC27AE4920E1D1FC006603AC /* ui */,
				DC06784F20D8906C00325605 /* AppDelegate.h */,
				DC06785020D8906C00325605 /* AppDelegate.m */,
				DC06785220D8906C00325605 /* ViewController.h */,
				DC06785320D8906C00325605 /* ViewController.m */,
				DC06785520D8906C00325605 /* Main.storyboard */,
				DC06785820D8906D00325605 /* Assets.xcassets */,
				DC06785A20D8906D00325605 /* LaunchScreen.storyboard */,
				DC06785D20D8906D00325605 /* Info.plist */,
				DC06785E20D8906D00325605 /* main.m */,
				DC06787320D897BD00325605 /* MovieInfoCell.xib */,
				DC06787520D89B8E00325605 /* MovieInfoCell.h */,
				DC06787620D89B8E00325605 /* MovieInfoCell.m */,
			);
			path = MovieTime;
			sourceTree = "<group>";
		};
		DC06786720D8906D00325605 /* MovieTimeTests */ = {
			isa = PBXGroup;
			children = (
				DC06786820D8906D00325605 /* MovieTimeTests.m */,
				DC06786A20D8906D00325605 /* Info.plist */,
			);
			path = MovieTimeTests;
			sourceTree = "<group>";
		};
		DC06787E20D89DC800325605 /* uitls */ = {
			isa = PBXGroup;
			children = (
			);
			path = uitls;
			sourceTree = "<group>";
		};
		DC06788420D8DAEB00325605 /* bean */ = {
			isa = PBXGroup;
			children = (
				DC06788A20D8DB6300325605 /* movieinfo */,
			);
			path = bean;
			sourceTree = "<group>";
		};
		DC06788520D8DAF500325605 /* net */ = {
			isa = PBXGroup;
			children = (
				DC06788620D8DB1E00325605 /* base */,
				DC4EF81920D9E26200617287 /* TimeRequest.h */,
				DC4EF81A20D9E26200617287 /* TimeRequest.m */,
				DC27AE5020E1DDAD006603AC /* TimeResult.h */,
				DC27AE5120E1DDAD006603AC /* TimeResult.m */,
			);
			path = net;
			sourceTree = "<group>";
		};
		DC06788620D8DB1E00325605 /* base */ = {
			isa = PBXGroup;
			children = (
				DC06788020D89E0600325605 /* Net.h */,
				DC06788120D89E0600325605 /* Net.m */,
				DC06788B20D8E5A700325605 /* NetResult.h */,
				DC06788C20D8E5A700325605 /* NetResult.m */,
			);
			path = base;
			sourceTree = "<group>";
		};
		DC06788A20D8DB6300325605 /* movieinfo */ = {
			isa = PBXGroup;
			children = (
				DC06788720D8DB5A00325605 /* MovieInfo.h */,
				DC06788820D8DB5A00325605 /* MovieInfo.m */,
				DC4EF81C20D9EB1B00617287 /* MovieInfoList.h */,
				DC4EF81D20D9EB1B00617287 /* MovieInfoList.m */,
			);
			path = movieinfo;
			sourceTree = "<group>";
		};
		DC27AE4920E1D1FC006603AC /* ui */ = {
			isa = PBXGroup;
			children = (
				DC27AE4F20E1D2A3006603AC /* detial */,
			);
			path = ui;
			sourceTree = "<group>";
		};
		DC27AE4F20E1D2A3006603AC /* detial */ = {
			isa = PBXGroup;
			children = (
				DC27AE4A20E1D288006603AC /* MovieDetail.storyboard */,
				DC27AE4C20E1D29D006603AC /* MovieDetail.h */,
				DC27AE4D20E1D29D006603AC /* MovieDetail.m */,
			);
			path = detial;
			sourceTree = "<group>";
		};
/* End PBXGroup section */

/* Begin PBXNativeTarget section */
		DC06784B20D8906C00325605 /* MovieTime */ = {
			isa = PBXNativeTarget;
			buildConfigurationList = DC06786D20D8906D00325605 /* Build configuration list for PBXNativeTarget "MovieTime" */;
			buildPhases = (
				ED99FAE5B90DA99A3530C0F3 /* [CP] Check Pods Manifest.lock */,
				DC06784820D8906C00325605 /* Sources */,
				DC06784920D8906C00325605 /* Frameworks */,
				DC06784A20D8906C00325605 /* Resources */,
			);
			buildRules = (
			);
			dependencies = (
			);
			name = MovieTime;
			productName = MovieTime;
			productReference = DC06784C20D8906C00325605 /* MovieTime.app */;
			productType = "com.apple.product-type.application";
		};
		DC06786320D8906D00325605 /* MovieTimeTests */ = {
			isa = PBXNativeTarget;
			buildConfigurationList = DC06787020D8906D00325605 /* Build configuration list for PBXNativeTarget "MovieTimeTests" */;
			buildPhases = (
				DC06786020D8906D00325605 /* Sources */,
				DC06786120D8906D00325605 /* Frameworks */,
				DC06786220D8906D00325605 /* Resources */,
			);
			buildRules = (
			);
			dependencies = (
				DC06786620D8906D00325605 /* PBXTargetDependency */,
			);
			name = MovieTimeTests;
			productName = MovieTimeTests;
			productReference = DC06786420D8906D00325605 /* MovieTimeTests.xctest */;
			productType = "com.apple.product-type.bundle.unit-test";
		};
/* End PBXNativeTarget section */

/* Begin PBXProject section */
		DC06784420D8906C00325605 /* Project object */ = {
			isa = PBXProject;
			attributes = {
				LastUpgradeCheck = 0940;
				ORGANIZATIONNAME = cxp;
				TargetAttributes = {
					DC06784B20D8906C00325605 = {
						CreatedOnToolsVersion = 9.4;
					};
					DC06786320D8906D00325605 = {
						CreatedOnToolsVersion = 9.4;
						TestTargetID = DC06784B20D8906C00325605;
					};
				};
			};
			buildConfigurationList = DC06784720D8906C00325605 /* Build configuration list for PBXProject "MovieTime" */;
			compatibilityVersion = "Xcode 9.3";
			developmentRegion = en;
			hasScannedForEncodings = 0;
			knownRegions = (
				en,
				Base,
			);
			mainGroup = DC06784320D8906C00325605;
			productRefGroup = DC06784D20D8906C00325605 /* Products */;
			projectDirPath = "";
			projectRoot = "";
			targets = (
				DC06784B20D8906C00325605 /* MovieTime */,
				DC06786320D8906D00325605 /* MovieTimeTests */,
			);
		};
/* End PBXProject section */

/* Begin PBXResourcesBuildPhase section */
		DC06784A20D8906C00325605 /* Resources */ = {
			isa = PBXResourcesBuildPhase;
			buildActionMask = 2147483647;
			files = (
				DC06785C20D8906D00325605 /* LaunchScreen.storyboard in Resources */,
				DC06785920D8906D00325605 /* Assets.xcassets in Resources */,
				DC06787420D897BD00325605 /* MovieInfoCell.xib in Resources */,
				DC06785720D8906C00325605 /* Main.storyboard in Resources */,
				DC27AE4B20E1D288006603AC /* MovieDetail.storyboard in Resources */,
			);
			runOnlyForDeploymentPostprocessing = 0;
		};
		DC06786220D8906D00325605 /* Resources */ = {
			isa = PBXResourcesBuildPhase;
			buildActionMask = 2147483647;
			files = (
			);
			runOnlyForDeploymentPostprocessing = 0;
		};
/* End PBXResourcesBuildPhase section */

/* Begin PBXShellScriptBuildPhase section */
		ED99FAE5B90DA99A3530C0F3 /* [CP] Check Pods Manifest.lock */ = {
			isa = PBXShellScriptBuildPhase;
			buildActionMask = 2147483647;
			files = (
			);
			inputPaths = (
				"${PODS_PODFILE_DIR_PATH}/Podfile.lock",
				"${PODS_ROOT}/Manifest.lock",
			);
			name = "[CP] Check Pods Manifest.lock";
			outputPaths = (
				"$(DERIVED_FILE_DIR)/Pods-MovieTime-checkManifestLockResult.txt",
			);
			runOnlyForDeploymentPostprocessing = 0;
			shellPath = /bin/sh;
			shellScript = "diff \"${PODS_PODFILE_DIR_PATH}/Podfile.lock\" \"${PODS_ROOT}/Manifest.lock\" > /dev/null\nif [ $? != 0 ] ; then\n    # print error to STDERR\n    echo \"error: The sandbox is not in sync with the Podfile.lock. Run 'pod install' or update your CocoaPods installation.\" >&2\n    exit 1\nfi\n# This output is used by Xcode 'outputs' to avoid re-running this script phase.\necho \"SUCCESS\" > \"${SCRIPT_OUTPUT_FILE_0}\"\n";
			showEnvVarsInLog = 0;
		};
/* End PBXShellScriptBuildPhase section */

/* Begin PBXSourcesBuildPhase section */
		DC06784820D8906C00325605 /* Sources */ = {
			isa = PBXSourcesBuildPhase;
			buildActionMask = 2147483647;
			files = (
				DC4EF81B20D9E26200617287 /* TimeRequest.m in Sources */,
				DC4EF81E20D9EB1B00617287 /* MovieInfoList.m in Sources */,
				DC06788D20D8E5A700325605 /* NetResult.m in Sources */,
				DC06785420D8906C00325605 /* ViewController.m in Sources */,
				DC06785F20D8906D00325605 /* main.m in Sources */,
				DC06788920D8DB5A00325605 /* MovieInfo.m in Sources */,
				DC06787720D89B8E00325605 /* MovieInfoCell.m in Sources */,
				DC27AE5220E1DDAD006603AC /* TimeResult.m in Sources */,
				DC27AE4E20E1D29D006603AC /* MovieDetail.m in Sources */,
				DC06788220D89E0600325605 /* Net.m in Sources */,
				DC06785120D8906C00325605 /* AppDelegate.m in Sources */,
			);
			runOnlyForDeploymentPostprocessing = 0;
		};
		DC06786020D8906D00325605 /* Sources */ = {
			isa = PBXSourcesBuildPhase;
			buildActionMask = 2147483647;
			files = (
				DC06786920D8906D00325605 /* MovieTimeTests.m in Sources */,
			);
			runOnlyForDeploymentPostprocessing = 0;
		};
/* End PBXSourcesBuildPhase section */

/* Begin PBXTargetDependency section */
		DC06786620D8906D00325605 /* PBXTargetDependency */ = {
			isa = PBXTargetDependency;
			target = DC06784B20D8906C00325605 /* MovieTime */;
			targetProxy = DC06786520D8906D00325605 /* PBXContainerItemProxy */;
		};
/* End PBXTargetDependency section */

/* Begin PBXVariantGroup section */
		DC06785520D8906C00325605 /* Main.storyboard */ = {
			isa = PBXVariantGroup;
			children = (
				DC06785620D8906C00325605 /* Base */,
			);
			name = Main.storyboard;
			sourceTree = "<group>";
		};
		DC06785A20D8906D00325605 /* LaunchScreen.storyboard */ = {
			isa = PBXVariantGroup;
			children = (
				DC06785B20D8906D00325605 /* Base */,
			);
			name = LaunchScreen.storyboard;
			sourceTree = "<group>";
		};
/* End PBXVariantGroup section */

/* Begin XCBuildConfiguration section */
		DC06786B20D8906D00325605 /* Debug */ = {
			isa = XCBuildConfiguration;
			buildSettings = {
				ALWAYS_SEARCH_USER_PATHS = NO;
				CLANG_ANALYZER_NONNULL = YES;
				CLANG_ANALYZER_NUMBER_OBJECT_CONVERSION = YES_AGGRESSIVE;
				CLANG_CXX_LANGUAGE_STANDARD = "gnu++14";
				CLANG_CXX_LIBRARY = "libc++";
				CLANG_ENABLE_MODULES = YES;
				CLANG_ENABLE_OBJC_ARC = YES;
				CLANG_ENABLE_OBJC_WEAK = YES;
				CLANG_WARN_BLOCK_CAPTURE_AUTORELEASING = YES;
				CLANG_WARN_BOOL_CONVERSION = YES;
				CLANG_WARN_COMMA = YES;
				CLANG_WARN_CONSTANT_CONVERSION = YES;
				CLANG_WARN_DEPRECATED_OBJC_IMPLEMENTATIONS = YES;
				CLANG_WARN_DIRECT_OBJC_ISA_USAGE = YES_ERROR;
				CLANG_WARN_DOCUMENTATION_COMMENTS = YES;
				CLANG_WARN_EMPTY_BODY = YES;
				CLANG_WARN_ENUM_CONVERSION = YES;
				CLANG_WARN_INFINITE_RECURSION = YES;
				CLANG_WARN_INT_CONVERSION = YES;
				CLANG_WARN_NON_LITERAL_NULL_CONVERSION = YES;
				CLANG_WARN_OBJC_IMPLICIT_RETAIN_SELF = YES;
				CLANG_WARN_OBJC_LITERAL_CONVERSION = YES;
				CLANG_WARN_OBJC_ROOT_CLASS = YES_ERROR;
				CLANG_WARN_RANGE_LOOP_ANALYSIS = YES;
				CLANG_WARN_STRICT_PROTOTYPES = YES;
				CLANG_WARN_SUSPICIOUS_MOVE = YES;
				CLANG_WARN_UNGUARDED_AVAILABILITY = YES_AGGRESSIVE;
				CLANG_WARN_UNREACHABLE_CODE = YES;
				CLANG_WARN__DUPLICATE_METHOD_MATCH = YES;
				CODE_SIGN_IDENTITY = "iPhone Developer";
				COPY_PHASE_STRIP = NO;
				DEBUG_INFORMATION_FORMAT = dwarf;
				ENABLE_STRICT_OBJC_MSGSEND = YES;
				ENABLE_TESTABILITY = YES;
				GCC_C_LANGUAGE_STANDARD = gnu11;
				GCC_DYNAMIC_NO_PIC = NO;
				GCC_NO_COMMON_BLOCKS = YES;
				GCC_OPTIMIZATION_LEVEL = 0;
				GCC_PREPROCESSOR_DEFINITIONS = (
					"DEBUG=1",
					"$(inherited)",
				);
				GCC_WARN_64_TO_32_BIT_CONVERSION = YES;
				GCC_WARN_ABOUT_RETURN_TYPE = YES_ERROR;
				GCC_WARN_UNDECLARED_SELECTOR = YES;
				GCC_WARN_UNINITIALIZED_AUTOS = YES_AGGRESSIVE;
				GCC_WARN_UNUSED_FUNCTION = YES;
				GCC_WARN_UNUSED_VARIABLE = YES;
				IPHONEOS_DEPLOYMENT_TARGET = 11.4;
				MTL_ENABLE_DEBUG_INFO = YES;
				ONLY_ACTIVE_ARCH = YES;
				SDKROOT = iphoneos;
			};
			name = Debug;
		};
		DC06786C20D8906D00325605 /* Release */ = {
			isa = XCBuildConfiguration;
			buildSettings = {
				ALWAYS_SEARCH_USER_PATHS = NO;
				CLANG_ANALYZER_NONNULL = YES;
				CLANG_ANALYZER_NUMBER_OBJECT_CONVERSION = YES_AGGRESSIVE;
				CLANG_CXX_LANGUAGE_STANDARD = "gnu++14";
				CLANG_CXX_LIBRARY = "libc++";
				CLANG_ENABLE_MODULES = YES;
				CLANG_ENABLE_OBJC_ARC = YES;
				CLANG_ENABLE_OBJC_WEAK = YES;
				CLANG_WARN_BLOCK_CAPTURE_AUTORELEASING = YES;
				CLANG_WARN_BOOL_CONVERSION = YES;
				CLANG_WARN_COMMA = YES;
				CLANG_WARN_CONSTANT_CONVERSION = YES;
				CLANG_WARN_DEPRECATED_OBJC_IMPLEMENTATIONS = YES;
				CLANG_WARN_DIRECT_OBJC_ISA_USAGE = YES_ERROR;
				CLANG_WARN_DOCUMENTATION_COMMENTS = YES;
				CLANG_WARN_EMPTY_BODY = YES;
				CLANG_WARN_ENUM_CONVERSION = YES;
				CLANG_WARN_INFINITE_RECURSION = YES;
				CLANG_WARN_INT_CONVERSION = YES;
				CLANG_WARN_NON_LITERAL_NULL_CONVERSION = YES;
				CLANG_WARN_OBJC_IMPLICIT_RETAIN_SELF = YES;
				CLANG_WARN_OBJC_LITERAL_CONVERSION = YES;
				CLANG_WARN_OBJC_ROOT_CLASS = YES_ERROR;
				CLANG_WARN_RANGE_LOOP_ANALYSIS = YES;
				CLANG_WARN_STRICT_PROTOTYPES = YES;
				CLANG_WARN_SUSPICIOUS_MOVE = YES;
				CLANG_WARN_UNGUARDED_AVAILABILITY = YES_AGGRESSIVE;
				CLANG_WARN_UNREACHABLE_CODE = YES;
				CLANG_WARN__DUPLICATE_METHOD_MATCH = YES;
				CODE_SIGN_IDENTITY = "iPhone Developer";
				COPY_PHASE_STRIP = NO;
				DEBUG_INFORMATION_FORMAT = "dwarf-with-dsym";
				ENABLE_NS_ASSERTIONS = NO;
				ENABLE_STRICT_OBJC_MSGSEND = YES;
				GCC_C_LANGUAGE_STANDARD = gnu11;
				GCC_NO_COMMON_BLOCKS = YES;
				GCC_WARN_64_TO_32_BIT_CONVERSION = YES;
				GCC_WARN_ABOUT_RETURN_TYPE = YES_ERROR;
				GCC_WARN_UNDECLARED_SELECTOR = YES;
				GCC_WARN_UNINITIALIZED_AUTOS = YES_AGGRESSIVE;
				GCC_WARN_UNUSED_FUNCTION = YES;
				GCC_WARN_UNUSED_VARIABLE = YES;
				IPHONEOS_DEPLOYMENT_TARGET = 11.4;
				MTL_ENABLE_DEBUG_INFO = NO;
				SDKROOT = iphoneos;
				VALIDATE_PRODUCT = YES;
			};
			name = Release;
		};
		DC06786E20D8906D00325605 /* Debug */ = {
			isa = XCBuildConfiguration;
			baseConfigurationReference = 9564A5536F25EDC1C50484EB /* Pods-MovieTime.debug.xcconfig */;
			buildSettings = {
				ASSETCATALOG_COMPILER_APPICON_NAME = AppIcon;
				CODE_SIGN_STYLE = Automatic;
				DEVELOPMENT_TEAM = XGFH256T8Q;
				INFOPLIST_FILE = MovieTime/Info.plist;
				LD_RUNPATH_SEARCH_PATHS = (
					"$(inherited)",
					"@executable_path/Frameworks",
				);
				PRODUCT_BUNDLE_IDENTIFIER = com.cxp.MovieTime;
				PRODUCT_NAME = "$(TARGET_NAME)";
				TARGETED_DEVICE_FAMILY = "1,2";
			};
			name = Debug;
		};
		DC06786F20D8906D00325605 /* Release */ = {
			isa = XCBuildConfiguration;
			baseConfigurationReference = 9FCDE794CA47B128F5CB4296 /* Pods-MovieTime.release.xcconfig */;
			buildSettings = {
				ASSETCATALOG_COMPILER_APPICON_NAME = AppIcon;
				CODE_SIGN_STYLE = Automatic;
				DEVELOPMENT_TEAM = XGFH256T8Q;
				INFOPLIST_FILE = MovieTime/Info.plist;
				LD_RUNPATH_SEARCH_PATHS = (
					"$(inherited)",
					"@executable_path/Frameworks",
				);
				PRODUCT_BUNDLE_IDENTIFIER = com.cxp.MovieTime;
				PRODUCT_NAME = "$(TARGET_NAME)";
				TARGETED_DEVICE_FAMILY = "1,2";
			};
			name = Release;
		};
		DC06787120D8906D00325605 /* Debug */ = {
			isa = XCBuildConfiguration;
			buildSettings = {
				BUNDLE_LOADER = "$(TEST_HOST)";
				CODE_SIGN_STYLE = Automatic;
				DEVELOPMENT_TEAM = XGFH256T8Q;
				INFOPLIST_FILE = MovieTimeTests/Info.plist;
				LD_RUNPATH_SEARCH_PATHS = (
					"$(inherited)",
					"@executable_path/Frameworks",
					"@loader_path/Frameworks",
				);
				PRODUCT_BUNDLE_IDENTIFIER = com.cxp.MovieTimeTests;
				PRODUCT_NAME = "$(TARGET_NAME)";
				TARGETED_DEVICE_FAMILY = "1,2";
				TEST_HOST = "$(BUILT_PRODUCTS_DIR)/MovieTime.app/MovieTime";
			};
			name = Debug;
		};
		DC06787220D8906D00325605 /* Release */ = {
			isa = XCBuildConfiguration;
			buildSettings = {
				BUNDLE_LOADER = "$(TEST_HOST)";
				CODE_SIGN_STYLE = Automatic;
				DEVELOPMENT_TEAM = XGFH256T8Q;
				INFOPLIST_FILE = MovieTimeTests/Info.plist;
				LD_RUNPATH_SEARCH_PATHS = (
					"$(inherited)",
					"@executable_path/Frameworks",
					"@loader_path/Frameworks",
				);
				PRODUCT_BUNDLE_IDENTIFIER = com.cxp.MovieTimeTests;
				PRODUCT_NAME = "$(TARGET_NAME)";
				TARGETED_DEVICE_FAMILY = "1,2";
				TEST_HOST = "$(BUILT_PRODUCTS_DIR)/MovieTime.app/MovieTime";
			};
			name = Release;
		};
/* End XCBuildConfiguration section */

/* Begin XCConfigurationList section */
		DC06784720D8906C00325605 /* Build configuration list for PBXProject "MovieTime" */ = {
			isa = XCConfigurationList;
			buildConfigurations = (
				DC06786B20D8906D00325605 /* Debug */,
				DC06786C20D8906D00325605 /* Release */,
			);
			defaultConfigurationIsVisible = 0;
			defaultConfigurationName = Release;
		};
		DC06786D20D8906D00325605 /* Build configuration list for PBXNativeTarget "MovieTime" */ = {
			isa = XCConfigurationList;
			buildConfigurations = (
				DC06786E20D8906D00325605 /* Debug */,
				DC06786F20D8906D00325605 /* Release */,
			);
			defaultConfigurationIsVisible = 0;
			defaultConfigurationName = Release;
		};
		DC06787020D8906D00325605 /* Build configuration list for PBXNativeTarget "MovieTimeTests" */ = {
			isa = XCConfigurationList;
			buildConfigurations = (
				DC06787120D8906D00325605 /* Debug */,
				DC06787220D8906D00325605 /* Release */,
			);
			defaultConfigurationIsVisible = 0;
			defaultConfigurationName = Release;
		};
/* End XCConfigurationList section */
	};
	rootObject = DC06784420D8906C00325605 /* Project object */;
}
